
Microsoft Visual Studio Solution File, Format Version 12.00
# Visual Studio Version 17
VisualStudioVersion = 17.1.32421.90
MinimumVisualStudioVersion = 10.0.40219.1
Project("{FAE04EC0-301F-11D3-BF4B-00C04F79EFBC}") = "Next", "Next\Next.csproj", "{361B90C4-9C9E-44E8-9F82-DB19D795C193}"
EndProject
Global
	GlobalSection(SolutionConfigurationPlatforms) = preSolution
		Debug|Any CPU = Debug|Any CPU
		Release|Any CPU = Release|Any CPU
	EndGlobalSection
	GlobalSection(ProjectConfigurationPlatforms) = postSolution
		{361B90C4-9C9E-44E8-9F82-DB19D795C193}.Debug|Any CPU.ActiveCfg = Debug|Any CPU
		{361B90C4-9C9E-44E8-9F82-DB19D795C193}.Debug|Any CPU.Build.0 = Debug|Any CPU
		{361B90C4-9C9E-44E8-9F82-DB19D795C193}.Release|Any CPU.ActiveCfg = Release|Any CPU
		{361B90C4-9C9E-44E8-9F82-DB19D795C193}.Release|Any CPU.Build.0 = Release|Any CPU
	EndGlobalSection
	GlobalSection(SolutionProperties) = preSolution
		HideSolutionNode = FALSE
	EndGlobalSection
	GlobalSection(ExtensibilityGlobals) = postSolution
		SolutionGuid = {40C465D0-B158-4CDC-BAF6-AA381A581BB8}
	EndGlobalSection
EndGlobal
